
Microsoft Visual Studio Solution File, Format Version 12.00
# Visual Studio Version 17
VisualStudioVersion = 17.4.33205.214
MinimumVisualStudioVersion = 10.0.40219.1
Project("{FAE04EC0-301F-11D3-BF4B-00C04F79EFBC}") = "Ejercicio01", "MODULO 01_LABORATORIO 01\Ejercicio01.csproj", "{9EB9C78E-EB69-4DDB-B816-AA4B31266B10}"
EndProject
Project("{FAE04EC0-301F-11D3-BF4B-00C04F79EFBC}") = "Ejercicio02", "Ejercicio02\Ejercicio02.csproj", "{6352298D-C163-45D9-924F-4AF6936A6882}"
EndProject
Project("{FAE04EC0-301F-11D3-BF4B-00C04F79EFBC}") = "Ejercicio04", "Ejercicio4\Ejercicio04.csproj", "{CFC8DFF9-243D-4B81-A9DD-3D9A5E60DB21}"
EndProject
Project("{FAE04EC0-301F-11D3-BF4B-00C04F79EFBC}") = "Ejercicio05", "Ejercicio05\Ejercicio05.csproj", "{2A6CAD11-7682-48E0-AE1A-3847ECE28546}"
EndProject
Project("{FAE04EC0-301F-11D3-BF4B-00C04F79EFBC}") = "Ejercicio03", "WindowsFormsApp1\Ejercicio03.csproj", "{C33540BF-6994-465B-BCEE-3E6B8358278B}"
EndProject
Global
	GlobalSection(SolutionConfigurationPlatforms) = preSolution
		Debug|Any CPU = Debug|Any CPU
		Release|Any CPU = Release|Any CPU
	EndGlobalSection
	GlobalSection(ProjectConfigurationPlatforms) = postSolution
		{9EB9C78E-EB69-4DDB-B816-AA4B31266B10}.Debug|Any CPU.ActiveCfg = Debug|Any CPU
		{9EB9C78E-EB69-4DDB-B816-AA4B31266B10}.Debug|Any CPU.Build.0 = Debug|Any CPU
		{9EB9C78E-EB69-4DDB-B816-AA4B31266B10}.Release|Any CPU.ActiveCfg = Release|Any CPU
		{9EB9C78E-EB69-4DDB-B816-AA4B31266B10}.Release|Any CPU.Build.0 = Release|Any CPU
		{6352298D-C163-45D9-924F-4AF6936A6882}.Debug|Any CPU.ActiveCfg = Debug|Any CPU
		{6352298D-C163-45D9-924F-4AF6936A6882}.Debug|Any CPU.Build.0 = Debug|Any CPU
		{6352298D-C163-45D9-924F-4AF6936A6882}.Release|Any CPU.ActiveCfg = Release|Any CPU
		{6352298D-C163-45D9-924F-4AF6936A6882}.Release|Any CPU.Build.0 = Release|Any CPU
		{CFC8DFF9-243D-4B81-A9DD-3D9A5E60DB21}.Debug|Any CPU.ActiveCfg = Debug|Any CPU
		{CFC8DFF9-243D-4B81-A9DD-3D9A5E60DB21}.Debug|Any CPU.Build.0 = Debug|Any CPU
		{CFC8DFF9-243D-4B81-A9DD-3D9A5E60DB21}.Release|Any CPU.ActiveCfg = Release|Any CPU
		{CFC8DFF9-243D-4B81-A9DD-3D9A5E60DB21}.Release|Any CPU.Build.0 = Release|Any CPU
		{2A6CAD11-7682-48E0-AE1A-3847ECE28546}.Debug|Any CPU.ActiveCfg = Debug|Any CPU
		{2A6CAD11-7682-48E0-AE1A-3847ECE28546}.Debug|Any CPU.Build.0 = Debug|Any CPU
		{2A6CAD11-7682-48E0-AE1A-3847ECE28546}.Release|Any CPU.ActiveCfg = Release|Any CPU
		{2A6CAD11-7682-48E0-AE1A-3847ECE28546}.Release|Any CPU.Build.0 = Release|Any CPU
		{C33540BF-6994-465B-BCEE-3E6B8358278B}.Debug|Any CPU.ActiveCfg = Debug|Any CPU
		{C33540BF-6994-465B-BCEE-3E6B8358278B}.Debug|Any CPU.Build.0 = Debug|Any CPU
		{C33540BF-6994-465B-BCEE-3E6B8358278B}.Release|Any CPU.ActiveCfg = Release|Any CPU
		{C33540BF-6994-465B-BCEE-3E6B8358278B}.Release|Any CPU.Build.0 = Release|Any CPU
	EndGlobalSection
	GlobalSection(SolutionProperties) = preSolution
		HideSolutionNode = FALSE
	EndGlobalSection
	GlobalSection(ExtensibilityGlobals) = postSolution
		SolutionGuid = {0C4FB9B3-B273-4E0D-9900-0985B8B4EE80}
	EndGlobalSection
EndGlobal
